// !$*UTF8*$!
{
	archiveVersion = 1;
	classes = {
	};
	objectVersion = 56;
	objects = {

/* Begin PBXBuildFile section */
		D79501642CF4C8C5006B4421 /* TaskPresenter.swift in Sources */ = {isa = PBXBuildFile; fileRef = D795015F2CF4C8C5006B4421 /* TaskPresenter.swift */; };
		D79501652CF4C8C5006B4421 /* TaskRouter.swift in Sources */ = {isa = PBXBuildFile; fileRef = D79501602CF4C8C5006B4421 /* TaskRouter.swift */; };
		D79501662CF4C8C5006B4421 /* TaskBuilder.swift in Sources */ = {isa = PBXBuildFile; fileRef = D79501612CF4C8C5006B4421 /* TaskBuilder.swift */; };
		D79501672CF4C8C5006B4421 /* TaskInteractor.swift in Sources */ = {isa = PBXBuildFile; fileRef = D79501622CF4C8C5006B4421 /* TaskInteractor.swift */; };
		D79501682CF4C8C5006B4421 /* TaskView.swift in Sources */ = {isa = PBXBuildFile; fileRef = D79501632CF4C8C5006B4421 /* TaskView.swift */; };
		D795016A2CF4CB48006B4421 /* StorageManager.swift in Sources */ = {isa = PBXBuildFile; fileRef = D79501692CF4CB48006B4421 /* StorageManager.swift */; };
		D795016C2CF62FBC006B4421 /* VoiceManager.swift in Sources */ = {isa = PBXBuildFile; fileRef = D795016B2CF62FBC006B4421 /* VoiceManager.swift */; };
		D795016E2CF76187006B4421 /* EditAlertController.swift in Sources */ = {isa = PBXBuildFile; fileRef = D795016D2CF76187006B4421 /* EditAlertController.swift */; };
		D79C0EA82CF0888C001FCB9E /* AppDelegate.swift in Sources */ = {isa = PBXBuildFile; fileRef = D79C0EA72CF0888C001FCB9E /* AppDelegate.swift */; };
		D79C0EAA2CF0888C001FCB9E /* SceneDelegate.swift in Sources */ = {isa = PBXBuildFile; fileRef = D79C0EA92CF0888C001FCB9E /* SceneDelegate.swift */; };
		D79C0EB22CF0888C001FCB9E /* ToDo_List.xcdatamodeld in Sources */ = {isa = PBXBuildFile; fileRef = D79C0EB02CF0888C001FCB9E /* ToDo_List.xcdatamodeld */; };
		D79C0EB42CF08891001FCB9E /* Assets.xcassets in Resources */ = {isa = PBXBuildFile; fileRef = D79C0EB32CF08891001FCB9E /* Assets.xcassets */; };
		D79C0EB72CF08891001FCB9E /* LaunchScreen.storyboard in Resources */ = {isa = PBXBuildFile; fileRef = D79C0EB52CF08891001FCB9E /* LaunchScreen.storyboard */; };
		D79C0EC22CF08892001FCB9E /* ToDo_ListTests.swift in Sources */ = {isa = PBXBuildFile; fileRef = D79C0EC12CF08892001FCB9E /* ToDo_ListTests.swift */; };
		D79C0ECC2CF08892001FCB9E /* ToDo_ListUITests.swift in Sources */ = {isa = PBXBuildFile; fileRef = D79C0ECB2CF08892001FCB9E /* ToDo_ListUITests.swift */; };
		D79C0ECE2CF08892001FCB9E /* ToDo_ListUITestsLaunchTests.swift in Sources */ = {isa = PBXBuildFile; fileRef = D79C0ECD2CF08892001FCB9E /* ToDo_ListUITestsLaunchTests.swift */; };
		D79C0EE62CF08AA4001FCB9E /* ToDoListPresenter.swift in Sources */ = {isa = PBXBuildFile; fileRef = D79C0EE12CF08AA4001FCB9E /* ToDoListPresenter.swift */; };
		D79C0EE72CF08AA4001FCB9E /* ToDoListRouter.swift in Sources */ = {isa = PBXBuildFile; fileRef = D79C0EE22CF08AA4001FCB9E /* ToDoListRouter.swift */; };
		D79C0EE82CF08AA4001FCB9E /* ToDoListBuilder.swift in Sources */ = {isa = PBXBuildFile; fileRef = D79C0EE32CF08AA4001FCB9E /* ToDoListBuilder.swift */; };
		D79C0EE92CF08AA4001FCB9E /* ToDoListInteractor.swift in Sources */ = {isa = PBXBuildFile; fileRef = D79C0EE42CF08AA4001FCB9E /* ToDoListInteractor.swift */; };
		D79C0EEA2CF08AA4001FCB9E /* ToDoListView.swift in Sources */ = {isa = PBXBuildFile; fileRef = D79C0EE52CF08AA4001FCB9E /* ToDoListView.swift */; };
		D79C0EED2CF09B8D001FCB9E /* CellModellProtocol.swift in Sources */ = {isa = PBXBuildFile; fileRef = D79C0EEC2CF09B8D001FCB9E /* CellModellProtocol.swift */; };
		D79C0EEF2CF09CB1001FCB9E /* TaskCellModel.swift in Sources */ = {isa = PBXBuildFile; fileRef = D79C0EEE2CF09CB1001FCB9E /* TaskCellModel.swift */; };
		D79C0EF12CF09EB2001FCB9E /* TaskTableViewCell.swift in Sources */ = {isa = PBXBuildFile; fileRef = D79C0EF02CF09EB2001FCB9E /* TaskTableViewCell.swift */; };
		D79C0EF42CF0A277001FCB9E /* SnapKit in Frameworks */ = {isa = PBXBuildFile; productRef = D79C0EF32CF0A277001FCB9E /* SnapKit */; };
		D79C0EF82CF0B3F3001FCB9E /* Alamofire in Frameworks */ = {isa = PBXBuildFile; productRef = D79C0EF72CF0B3F3001FCB9E /* Alamofire */; };
		D79C0EFC2CF0DE40001FCB9E /* SearchTextField.swift in Sources */ = {isa = PBXBuildFile; fileRef = D79C0EFB2CF0DE40001FCB9E /* SearchTextField.swift */; };
		D79C0EFF2CF4602A001FCB9E /* ColorLibrery.swift in Sources */ = {isa = PBXBuildFile; fileRef = D79C0EFE2CF4602A001FCB9E /* ColorLibrery.swift */; };
		D79C0F012CF46999001FCB9E /* ViewControllerHideKeyBoard.swift in Sources */ = {isa = PBXBuildFile; fileRef = D79C0F002CF46999001FCB9E /* ViewControllerHideKeyBoard.swift */; };
		D79C0F032CF47368001FCB9E /* TaskTitleLabel.swift in Sources */ = {isa = PBXBuildFile; fileRef = D79C0F022CF47368001FCB9E /* TaskTitleLabel.swift */; };
		D79C0F052CF483CF001FCB9E /* MicroPhoneButton.swift in Sources */ = {isa = PBXBuildFile; fileRef = D79C0F042CF483CF001FCB9E /* MicroPhoneButton.swift */; };
		D79C0F072CF4A709001FCB9E /* CustomTabBar.swift in Sources */ = {isa = PBXBuildFile; fileRef = D79C0F062CF4A709001FCB9E /* CustomTabBar.swift */; };
		D7D3365F2CF788C400827548 /* CellWithTextView.swift in Sources */ = {isa = PBXBuildFile; fileRef = D7D3365E2CF788C400827548 /* CellWithTextView.swift */; };
		D7D336632CF86EC900827548 /* DetailCellModel.swift in Sources */ = {isa = PBXBuildFile; fileRef = D7D336622CF86EC900827548 /* DetailCellModel.swift */; };
		D7D336652CF8A6E900827548 /* DateTaskPicker.swift in Sources */ = {isa = PBXBuildFile; fileRef = D7D336642CF8A6E900827548 /* DateTaskPicker.swift */; };
/* End PBXBuildFile section */

/* Begin PBXContainerItemProxy section */
		D79C0EBE2CF08892001FCB9E /* PBXContainerItemProxy */ = {
			isa = PBXContainerItemProxy;
			containerPortal = D79C0E9C2CF0888C001FCB9E /* Project object */;
			proxyType = 1;
			remoteGlobalIDString = D79C0EA32CF0888C001FCB9E;
			remoteInfo = "ToDo List";
		};
		D79C0EC82CF08892001FCB9E /* PBXContainerItemProxy */ = {
			isa = PBXContainerItemProxy;
			containerPortal = D79C0E9C2CF0888C001FCB9E /* Project object */;
			proxyType = 1;
			remoteGlobalIDString = D79C0EA32CF0888C001FCB9E;
			remoteInfo = "ToDo List";
		};
/* End PBXContainerItemProxy section */

/* Begin PBXFileReference section */
		D795015F2CF4C8C5006B4421 /* TaskPresenter.swift */ = {isa = PBXFileReference; lastKnownFileType = sourcecode.swift; path = TaskPresenter.swift; sourceTree = "<group>"; };
		D79501602CF4C8C5006B4421 /* TaskRouter.swift */ = {isa = PBXFileReference; lastKnownFileType = sourcecode.swift; path = TaskRouter.swift; sourceTree = "<group>"; };
		D79501612CF4C8C5006B4421 /* TaskBuilder.swift */ = {isa = PBXFileReference; lastKnownFileType = sourcecode.swift; path = TaskBuilder.swift; sourceTree = "<group>"; };
		D79501622CF4C8C5006B4421 /* TaskInteractor.swift */ = {isa = PBXFileReference; lastKnownFileType = sourcecode.swift; path = TaskInteractor.swift; sourceTree = "<group>"; };
		D79501632CF4C8C5006B4421 /* TaskView.swift */ = {isa = PBXFileReference; lastKnownFileType = sourcecode.swift; path = TaskView.swift; sourceTree = "<group>"; };
		D79501692CF4CB48006B4421 /* StorageManager.swift */ = {isa = PBXFileReference; lastKnownFileType = sourcecode.swift; path = StorageManager.swift; sourceTree = "<group>"; };
		D795016B2CF62FBC006B4421 /* VoiceManager.swift */ = {isa = PBXFileReference; lastKnownFileType = sourcecode.swift; path = VoiceManager.swift; sourceTree = "<group>"; };
		D795016D2CF76187006B4421 /* EditAlertController.swift */ = {isa = PBXFileReference; lastKnownFileType = sourcecode.swift; path = EditAlertController.swift; sourceTree = "<group>"; };
		D79C0EA42CF0888C001FCB9E /* ToDo List.app */ = {isa = PBXFileReference; explicitFileType = wrapper.application; includeInIndex = 0; path = "ToDo List.app"; sourceTree = BUILT_PRODUCTS_DIR; };
		D79C0EA72CF0888C001FCB9E /* AppDelegate.swift */ = {isa = PBXFileReference; lastKnownFileType = sourcecode.swift; path = AppDelegate.swift; sourceTree = "<group>"; };
		D79C0EA92CF0888C001FCB9E /* SceneDelegate.swift */ = {isa = PBXFileReference; lastKnownFileType = sourcecode.swift; path = SceneDelegate.swift; sourceTree = "<group>"; };
		D79C0EB12CF0888C001FCB9E /* ToDo_List.xcdatamodel */ = {isa = PBXFileReference; lastKnownFileType = wrapper.xcdatamodel; path = ToDo_List.xcdatamodel; sourceTree = "<group>"; };
		D79C0EB32CF08891001FCB9E /* Assets.xcassets */ = {isa = PBXFileReference; lastKnownFileType = folder.assetcatalog; path = Assets.xcassets; sourceTree = "<group>"; };
		D79C0EB62CF08891001FCB9E /* Base */ = {isa = PBXFileReference; lastKnownFileType = file.storyboard; name = Base; path = Base.lproj/LaunchScreen.storyboard; sourceTree = "<group>"; };
		D79C0EB82CF08891001FCB9E /* Info.plist */ = {isa = PBXFileReference; lastKnownFileType = text.plist.xml; path = Info.plist; sourceTree = "<group>"; };
		D79C0EBD2CF08892001FCB9E /* ToDo ListTests.xctest */ = {isa = PBXFileReference; explicitFileType = wrapper.cfbundle; includeInIndex = 0; path = "ToDo ListTests.xctest"; sourceTree = BUILT_PRODUCTS_DIR; };
		D79C0EC12CF08892001FCB9E /* ToDo_ListTests.swift */ = {isa = PBXFileReference; lastKnownFileType = sourcecode.swift; path = ToDo_ListTests.swift; sourceTree = "<group>"; };
		D79C0EC72CF08892001FCB9E /* ToDo ListUITests.xctest */ = {isa = PBXFileReference; explicitFileType = wrapper.cfbundle; includeInIndex = 0; path = "ToDo ListUITests.xctest"; sourceTree = BUILT_PRODUCTS_DIR; };
		D79C0ECB2CF08892001FCB9E /* ToDo_ListUITests.swift */ = {isa = PBXFileReference; lastKnownFileType = sourcecode.swift; path = ToDo_ListUITests.swift; sourceTree = "<group>"; };
		D79C0ECD2CF08892001FCB9E /* ToDo_ListUITestsLaunchTests.swift */ = {isa = PBXFileReference; lastKnownFileType = sourcecode.swift; path = ToDo_ListUITestsLaunchTests.swift; sourceTree = "<group>"; };
		D79C0EE12CF08AA4001FCB9E /* ToDoListPresenter.swift */ = {isa = PBXFileReference; lastKnownFileType = sourcecode.swift; path = ToDoListPresenter.swift; sourceTree = "<group>"; };
		D79C0EE22CF08AA4001FCB9E /* ToDoListRouter.swift */ = {isa = PBXFileReference; lastKnownFileType = sourcecode.swift; path = ToDoListRouter.swift; sourceTree = "<group>"; };
		D79C0EE32CF08AA4001FCB9E /* ToDoListBuilder.swift */ = {isa = PBXFileReference; lastKnownFileType = sourcecode.swift; path = ToDoListBuilder.swift; sourceTree = "<group>"; };
		D79C0EE42CF08AA4001FCB9E /* ToDoListInteractor.swift */ = {isa = PBXFileReference; lastKnownFileType = sourcecode.swift; path = ToDoListInteractor.swift; sourceTree = "<group>"; };
		D79C0EE52CF08AA4001FCB9E /* ToDoListView.swift */ = {isa = PBXFileReference; lastKnownFileType = sourcecode.swift; path = ToDoListView.swift; sourceTree = "<group>"; };
		D79C0EEC2CF09B8D001FCB9E /* CellModellProtocol.swift */ = {isa = PBXFileReference; lastKnownFileType = sourcecode.swift; path = CellModellProtocol.swift; sourceTree = "<group>"; };
		D79C0EEE2CF09CB1001FCB9E /* TaskCellModel.swift */ = {isa = PBXFileReference; lastKnownFileType = sourcecode.swift; path = TaskCellModel.swift; sourceTree = "<group>"; };
		D79C0EF02CF09EB2001FCB9E /* TaskTableViewCell.swift */ = {isa = PBXFileReference; lastKnownFileType = sourcecode.swift; path = TaskTableViewCell.swift; sourceTree = "<group>"; };
		D79C0EFB2CF0DE40001FCB9E /* SearchTextField.swift */ = {isa = PBXFileReference; lastKnownFileType = sourcecode.swift; path = SearchTextField.swift; sourceTree = "<group>"; };
		D79C0EFE2CF4602A001FCB9E /* ColorLibrery.swift */ = {isa = PBXFileReference; lastKnownFileType = sourcecode.swift; path = ColorLibrery.swift; sourceTree = "<group>"; };
		D79C0F002CF46999001FCB9E /* ViewControllerHideKeyBoard.swift */ = {isa = PBXFileReference; lastKnownFileType = sourcecode.swift; path = ViewControllerHideKeyBoard.swift; sourceTree = "<group>"; };
		D79C0F022CF47368001FCB9E /* TaskTitleLabel.swift */ = {isa = PBXFileReference; lastKnownFileType = sourcecode.swift; path = TaskTitleLabel.swift; sourceTree = "<group>"; };
		D79C0F042CF483CF001FCB9E /* MicroPhoneButton.swift */ = {isa = PBXFileReference; lastKnownFileType = sourcecode.swift; path = MicroPhoneButton.swift; sourceTree = "<group>"; };
		D79C0F062CF4A709001FCB9E /* CustomTabBar.swift */ = {isa = PBXFileReference; lastKnownFileType = sourcecode.swift; path = CustomTabBar.swift; sourceTree = "<group>"; };
		D7D3365E2CF788C400827548 /* CellWithTextView.swift */ = {isa = PBXFileReference; lastKnownFileType = sourcecode.swift; path = CellWithTextView.swift; sourceTree = "<group>"; };
		D7D336622CF86EC900827548 /* DetailCellModel.swift */ = {isa = PBXFileReference; lastKnownFileType = sourcecode.swift; path = DetailCellModel.swift; sourceTree = "<group>"; };
		D7D336642CF8A6E900827548 /* DateTaskPicker.swift */ = {isa = PBXFileReference; lastKnownFileType = sourcecode.swift; path = DateTaskPicker.swift; sourceTree = "<group>"; };
/* End PBXFileReference section */

/* Begin PBXFrameworksBuildPhase section */
		D79C0EA12CF0888C001FCB9E /* Frameworks */ = {
			isa = PBXFrameworksBuildPhase;
			buildActionMask = 2147483647;
			files = (
				D79C0EF42CF0A277001FCB9E /* SnapKit in Frameworks */,
				D79C0EF82CF0B3F3001FCB9E /* Alamofire in Frameworks */,
			);
			runOnlyForDeploymentPostprocessing = 0;
		};
		D79C0EBA2CF08892001FCB9E /* Frameworks */ = {
			isa = PBXFrameworksBuildPhase;
			buildActionMask = 2147483647;
			files = (
			);
			runOnlyForDeploymentPostprocessing = 0;
		};
		D79C0EC42CF08892001FCB9E /* Frameworks */ = {
			isa = PBXFrameworksBuildPhase;
			buildActionMask = 2147483647;
			files = (
			);
			runOnlyForDeploymentPostprocessing = 0;
		};
/* End PBXFrameworksBuildPhase section */

/* Begin PBXGroup section */
		D795015E2CF4C82A006B4421 /* Task */ = {
			isa = PBXGroup;
			children = (
				D79501602CF4C8C5006B4421 /* TaskRouter.swift */,
				D79501612CF4C8C5006B4421 /* TaskBuilder.swift */,
				D79501622CF4C8C5006B4421 /* TaskInteractor.swift */,
				D795015F2CF4C8C5006B4421 /* TaskPresenter.swift */,
				D79501632CF4C8C5006B4421 /* TaskView.swift */,
			);
			path = Task;
			sourceTree = "<group>";
		};
		D79C0E9B2CF0888C001FCB9E = {
			isa = PBXGroup;
			children = (
				D79C0EA62CF0888C001FCB9E /* ToDo List */,
				D79C0EC02CF08892001FCB9E /* ToDo ListTests */,
				D79C0ECA2CF08892001FCB9E /* ToDo ListUITests */,
				D79C0EA52CF0888C001FCB9E /* Products */,
			);
			sourceTree = "<group>";
		};
		D79C0EA52CF0888C001FCB9E /* Products */ = {
			isa = PBXGroup;
			children = (
				D79C0EA42CF0888C001FCB9E /* ToDo List.app */,
				D79C0EBD2CF08892001FCB9E /* ToDo ListTests.xctest */,
				D79C0EC72CF08892001FCB9E /* ToDo ListUITests.xctest */,
			);
			name = Products;
			sourceTree = "<group>";
		};
		D79C0EA62CF0888C001FCB9E /* ToDo List */ = {
			isa = PBXGroup;
			children = (
				D79C0EDB2CF088D8001FCB9E /* Application */,
				D79C0EDA2CF088C2001FCB9E /* API */,
				D79C0EFD2CF45FFE001FCB9E /* Core */,
				D79C0EDD2CF088F0001FCB9E /* Helpers */,
				D79C0EDC2CF088E6001FCB9E /* Storage */,
				D79C0EDE2CF0890B001FCB9E /* Modules */,
				D79C0EDF2CF089A8001FCB9E /* Resources */,
				D79C0EEB2CF08ADD001FCB9E /* UI-Components */,
			);
			path = "ToDo List";
			sourceTree = "<group>";
		};
		D79C0EC02CF08892001FCB9E /* ToDo ListTests */ = {
			isa = PBXGroup;
			children = (
				D79C0EC12CF08892001FCB9E /* ToDo_ListTests.swift */,
			);
			path = "ToDo ListTests";
			sourceTree = "<group>";
		};
		D79C0ECA2CF08892001FCB9E /* ToDo ListUITests */ = {
			isa = PBXGroup;
			children = (
				D79C0ECB2CF08892001FCB9E /* ToDo_ListUITests.swift */,
				D79C0ECD2CF08892001FCB9E /* ToDo_ListUITestsLaunchTests.swift */,
			);
			path = "ToDo ListUITests";
			sourceTree = "<group>";
		};
		D79C0EDA2CF088C2001FCB9E /* API */ = {
			isa = PBXGroup;
			children = (
			);
			path = API;
			sourceTree = "<group>";
		};
		D79C0EDB2CF088D8001FCB9E /* Application */ = {
			isa = PBXGroup;
			children = (
				D79C0EA92CF0888C001FCB9E /* SceneDelegate.swift */,
				D79C0EA72CF0888C001FCB9E /* AppDelegate.swift */,
			);
			path = Application;
			sourceTree = "<group>";
		};
		D79C0EDC2CF088E6001FCB9E /* Storage */ = {
			isa = PBXGroup;
			children = (
				D79C0EB02CF0888C001FCB9E /* ToDo_List.xcdatamodeld */,
				D79501692CF4CB48006B4421 /* StorageManager.swift */,
			);
			path = Storage;
			sourceTree = "<group>";
		};
		D79C0EDD2CF088F0001FCB9E /* Helpers */ = {
			isa = PBXGroup;
			children = (
				D79C0EEC2CF09B8D001FCB9E /* CellModellProtocol.swift */,
				D79C0EEE2CF09CB1001FCB9E /* TaskCellModel.swift */,
				D7D336622CF86EC900827548 /* DetailCellModel.swift */,
				D795016B2CF62FBC006B4421 /* VoiceManager.swift */,
			);
			path = Helpers;
			sourceTree = "<group>";
		};
		D79C0EDE2CF0890B001FCB9E /* Modules */ = {
			isa = PBXGroup;
			children = (
				D79C0EE02CF08A62001FCB9E /* ToDoList */,
				D795015E2CF4C82A006B4421 /* Task */,
			);
			path = Modules;
			sourceTree = "<group>";
		};
		D79C0EDF2CF089A8001FCB9E /* Resources */ = {
			isa = PBXGroup;
			children = (
				D79C0EB52CF08891001FCB9E /* LaunchScreen.storyboard */,
				D79C0EB82CF08891001FCB9E /* Info.plist */,
				D79C0EB32CF08891001FCB9E /* Assets.xcassets */,
			);
			path = Resources;
			sourceTree = "<group>";
		};
		D79C0EE02CF08A62001FCB9E /* ToDoList */ = {
			isa = PBXGroup;
			children = (
				D79C0EE22CF08AA4001FCB9E /* ToDoListRouter.swift */,
				D79C0EE32CF08AA4001FCB9E /* ToDoListBuilder.swift */,
				D79C0EE42CF08AA4001FCB9E /* ToDoListInteractor.swift */,
				D79C0EE12CF08AA4001FCB9E /* ToDoListPresenter.swift */,
				D79C0EE52CF08AA4001FCB9E /* ToDoListView.swift */,
			);
			path = ToDoList;
			sourceTree = "<group>";
		};
		D79C0EEB2CF08ADD001FCB9E /* UI-Components */ = {
			isa = PBXGroup;
			children = (
				D7D3365D2CF7885800827548 /* Task Screen */,
				D7D3365C2CF7881000827548 /* List Screen */,
			);
			path = "UI-Components";
			sourceTree = "<group>";
		};
		D79C0EFD2CF45FFE001FCB9E /* Core */ = {
			isa = PBXGroup;
			children = (
				D79C0EFE2CF4602A001FCB9E /* ColorLibrery.swift */,
				D79C0F002CF46999001FCB9E /* ViewControllerHideKeyBoard.swift */,
			);
			path = Core;
			sourceTree = "<group>";
		};
		D7D3365C2CF7881000827548 /* List Screen */ = {
			isa = PBXGroup;
			children = (
				D79C0F042CF483CF001FCB9E /* MicroPhoneButton.swift */,
				D79C0F022CF47368001FCB9E /* TaskTitleLabel.swift */,
				D79C0F062CF4A709001FCB9E /* CustomTabBar.swift */,
				D79C0EF02CF09EB2001FCB9E /* TaskTableViewCell.swift */,
				D795016D2CF76187006B4421 /* EditAlertController.swift */,
				D79C0EFB2CF0DE40001FCB9E /* SearchTextField.swift */,
			);
			path = "List Screen";
			sourceTree = "<group>";
		};
		D7D3365D2CF7885800827548 /* Task Screen */ = {
			isa = PBXGroup;
			children = (
				D7D3365E2CF788C400827548 /* CellWithTextView.swift */,
				D7D336642CF8A6E900827548 /* DateTaskPicker.swift */,
			);
			path = "Task Screen";
			sourceTree = "<group>";
		};
/* End PBXGroup section */

/* Begin PBXNativeTarget section */
		D79C0EA32CF0888C001FCB9E /* ToDo List */ = {
			isa = PBXNativeTarget;
			buildConfigurationList = D79C0ED12CF08892001FCB9E /* Build configuration list for PBXNativeTarget "ToDo List" */;
			buildPhases = (
				D79C0EA02CF0888C001FCB9E /* Sources */,
				D79C0EA12CF0888C001FCB9E /* Frameworks */,
				D79C0EA22CF0888C001FCB9E /* Resources */,
			);
			buildRules = (
			);
			dependencies = (
			);
			name = "ToDo List";
			packageProductDependencies = (
				D79C0EF32CF0A277001FCB9E /* SnapKit */,
				D79C0EF72CF0B3F3001FCB9E /* Alamofire */,
			);
			productName = "ToDo List";
			productReference = D79C0EA42CF0888C001FCB9E /* ToDo List.app */;
			productType = "com.apple.product-type.application";
		};
		D79C0EBC2CF08892001FCB9E /* ToDo ListTests */ = {
			isa = PBXNativeTarget;
			buildConfigurationList = D79C0ED42CF08892001FCB9E /* Build configuration list for PBXNativeTarget "ToDo ListTests" */;
			buildPhases = (
				D79C0EB92CF08892001FCB9E /* Sources */,
				D79C0EBA2CF08892001FCB9E /* Frameworks */,
				D79C0EBB2CF08892001FCB9E /* Resources */,
			);
			buildRules = (
			);
			dependencies = (
				D79C0EBF2CF08892001FCB9E /* PBXTargetDependency */,
			);
			name = "ToDo ListTests";
			productName = "ToDo ListTests";
			productReference = D79C0EBD2CF08892001FCB9E /* ToDo ListTests.xctest */;
			productType = "com.apple.product-type.bundle.unit-test";
		};
		D79C0EC62CF08892001FCB9E /* ToDo ListUITests */ = {
			isa = PBXNativeTarget;
			buildConfigurationList = D79C0ED72CF08892001FCB9E /* Build configuration list for PBXNativeTarget "ToDo ListUITests" */;
			buildPhases = (
				D79C0EC32CF08892001FCB9E /* Sources */,
				D79C0EC42CF08892001FCB9E /* Frameworks */,
				D79C0EC52CF08892001FCB9E /* Resources */,
			);
			buildRules = (
			);
			dependencies = (
				D79C0EC92CF08892001FCB9E /* PBXTargetDependency */,
			);
			name = "ToDo ListUITests";
			productName = "ToDo ListUITests";
			productReference = D79C0EC72CF08892001FCB9E /* ToDo ListUITests.xctest */;
			productType = "com.apple.product-type.bundle.ui-testing";
		};
/* End PBXNativeTarget section */

/* Begin PBXProject section */
		D79C0E9C2CF0888C001FCB9E /* Project object */ = {
			isa = PBXProject;
			attributes = {
				BuildIndependentTargetsInParallel = 1;
				LastSwiftUpdateCheck = 1430;
				LastUpgradeCheck = 1430;
				TargetAttributes = {
					D79C0EA32CF0888C001FCB9E = {
						CreatedOnToolsVersion = 14.3.1;
					};
					D79C0EBC2CF08892001FCB9E = {
						CreatedOnToolsVersion = 14.3.1;
						TestTargetID = D79C0EA32CF0888C001FCB9E;
					};
					D79C0EC62CF08892001FCB9E = {
						CreatedOnToolsVersion = 14.3.1;
						TestTargetID = D79C0EA32CF0888C001FCB9E;
					};
				};
			};
			buildConfigurationList = D79C0E9F2CF0888C001FCB9E /* Build configuration list for PBXProject "ToDo List" */;
			compatibilityVersion = "Xcode 14.0";
			developmentRegion = en;
			hasScannedForEncodings = 0;
			knownRegions = (
				en,
				Base,
			);
			mainGroup = D79C0E9B2CF0888C001FCB9E;
			packageReferences = (
				D79C0EF22CF0A277001FCB9E /* XCRemoteSwiftPackageReference "SnapKit" */,
				D79C0EF62CF0B3F3001FCB9E /* XCRemoteSwiftPackageReference "Alamofire" */,
			);
			productRefGroup = D79C0EA52CF0888C001FCB9E /* Products */;
			projectDirPath = "";
			projectRoot = "";
			targets = (
				D79C0EA32CF0888C001FCB9E /* ToDo List */,
				D79C0EBC2CF08892001FCB9E /* ToDo ListTests */,
				D79C0EC62CF08892001FCB9E /* ToDo ListUITests */,
			);
		};
/* End PBXProject section */

/* Begin PBXResourcesBuildPhase section */
		D79C0EA22CF0888C001FCB9E /* Resources */ = {
			isa = PBXResourcesBuildPhase;
			buildActionMask = 2147483647;
			files = (
				D79C0EB72CF08891001FCB9E /* LaunchScreen.storyboard in Resources */,
				D79C0EB42CF08891001FCB9E /* Assets.xcassets in Resources */,
			);
			runOnlyForDeploymentPostprocessing = 0;
		};
		D79C0EBB2CF08892001FCB9E /* Resources */ = {
			isa = PBXResourcesBuildPhase;
			buildActionMask = 2147483647;
			files = (
			);
			runOnlyForDeploymentPostprocessing = 0;
		};
		D79C0EC52CF08892001FCB9E /* Resources */ = {
			isa = PBXResourcesBuildPhase;
			buildActionMask = 2147483647;
			files = (
			);
			runOnlyForDeploymentPostprocessing = 0;
		};
/* End PBXResourcesBuildPhase section */

/* Begin PBXSourcesBuildPhase section */
		D79C0EA02CF0888C001FCB9E /* Sources */ = {
			isa = PBXSourcesBuildPhase;
			buildActionMask = 2147483647;
			files = (
				D79C0EFF2CF4602A001FCB9E /* ColorLibrery.swift in Sources */,
				D79C0F052CF483CF001FCB9E /* MicroPhoneButton.swift in Sources */,
				D79C0EE72CF08AA4001FCB9E /* ToDoListRouter.swift in Sources */,
				D79501642CF4C8C5006B4421 /* TaskPresenter.swift in Sources */,
				D79C0EE62CF08AA4001FCB9E /* ToDoListPresenter.swift in Sources */,
				D79C0EF12CF09EB2001FCB9E /* TaskTableViewCell.swift in Sources */,
				D795016C2CF62FBC006B4421 /* VoiceManager.swift in Sources */,
				D79C0EEA2CF08AA4001FCB9E /* ToDoListView.swift in Sources */,
				D79C0EE92CF08AA4001FCB9E /* ToDoListInteractor.swift in Sources */,
				D79C0EEF2CF09CB1001FCB9E /* TaskCellModel.swift in Sources */,
				D79501682CF4C8C5006B4421 /* TaskView.swift in Sources */,
				D79C0F072CF4A709001FCB9E /* CustomTabBar.swift in Sources */,
				D79C0EA82CF0888C001FCB9E /* AppDelegate.swift in Sources */,
				D79501672CF4C8C5006B4421 /* TaskInteractor.swift in Sources */,
				D7D336652CF8A6E900827548 /* DateTaskPicker.swift in Sources */,
				D79C0F012CF46999001FCB9E /* ViewControllerHideKeyBoard.swift in Sources */,
				D79C0EE82CF08AA4001FCB9E /* ToDoListBuilder.swift in Sources */,
				D79C0EAA2CF0888C001FCB9E /* SceneDelegate.swift in Sources */,
				D79501652CF4C8C5006B4421 /* TaskRouter.swift in Sources */,
				D79C0EED2CF09B8D001FCB9E /* CellModellProtocol.swift in Sources */,
				D7D336632CF86EC900827548 /* DetailCellModel.swift in Sources */,
				D7D3365F2CF788C400827548 /* CellWithTextView.swift in Sources */,
				D79C0EB22CF0888C001FCB9E /* ToDo_List.xcdatamodeld in Sources */,
				D795016E2CF76187006B4421 /* EditAlertController.swift in Sources */,
				D79C0EFC2CF0DE40001FCB9E /* SearchTextField.swift in Sources */,
				D79501662CF4C8C5006B4421 /* TaskBuilder.swift in Sources */,
				D79C0F032CF47368001FCB9E /* TaskTitleLabel.swift in Sources */,
				D795016A2CF4CB48006B4421 /* StorageManager.swift in Sources */,
			);
			runOnlyForDeploymentPostprocessing = 0;
		};
		D79C0EB92CF08892001FCB9E /* Sources */ = {
			isa = PBXSourcesBuildPhase;
			buildActionMask = 2147483647;
			files = (
				D79C0EC22CF08892001FCB9E /* ToDo_ListTests.swift in Sources */,
			);
			runOnlyForDeploymentPostprocessing = 0;
		};
		D79C0EC32CF08892001FCB9E /* Sources */ = {
			isa = PBXSourcesBuildPhase;
			buildActionMask = 2147483647;
			files = (
				D79C0ECE2CF08892001FCB9E /* ToDo_ListUITestsLaunchTests.swift in Sources */,
				D79C0ECC2CF08892001FCB9E /* ToDo_ListUITests.swift in Sources */,
			);
			runOnlyForDeploymentPostprocessing = 0;
		};
/* End PBXSourcesBuildPhase section */

/* Begin PBXTargetDependency section */
		D79C0EBF2CF08892001FCB9E /* PBXTargetDependency */ = {
			isa = PBXTargetDependency;
			target = D79C0EA32CF0888C001FCB9E /* ToDo List */;
			targetProxy = D79C0EBE2CF08892001FCB9E /* PBXContainerItemProxy */;
		};
		D79C0EC92CF08892001FCB9E /* PBXTargetDependency */ = {
			isa = PBXTargetDependency;
			target = D79C0EA32CF0888C001FCB9E /* ToDo List */;
			targetProxy = D79C0EC82CF08892001FCB9E /* PBXContainerItemProxy */;
		};
/* End PBXTargetDependency section */

/* Begin PBXVariantGroup section */
		D79C0EB52CF08891001FCB9E /* LaunchScreen.storyboard */ = {
			isa = PBXVariantGroup;
			children = (
				D79C0EB62CF08891001FCB9E /* Base */,
			);
			name = LaunchScreen.storyboard;
			sourceTree = "<group>";
		};
/* End PBXVariantGroup section */

/* Begin XCBuildConfiguration section */
		D79C0ECF2CF08892001FCB9E /* Debug */ = {
			isa = XCBuildConfiguration;
			buildSettings = {
				ALWAYS_SEARCH_USER_PATHS = NO;
				CLANG_ANALYZER_NONNULL = YES;
				CLANG_ANALYZER_NUMBER_OBJECT_CONVERSION = YES_AGGRESSIVE;
				CLANG_CXX_LANGUAGE_STANDARD = "gnu++20";
				CLANG_ENABLE_MODULES = YES;
				CLANG_ENABLE_OBJC_ARC = YES;
				CLANG_ENABLE_OBJC_WEAK = YES;
				CLANG_WARN_BLOCK_CAPTURE_AUTORELEASING = YES;
				CLANG_WARN_BOOL_CONVERSION = YES;
				CLANG_WARN_COMMA = YES;
				CLANG_WARN_CONSTANT_CONVERSION = YES;
				CLANG_WARN_DEPRECATED_OBJC_IMPLEMENTATIONS = YES;
				CLANG_WARN_DIRECT_OBJC_ISA_USAGE = YES_ERROR;
				CLANG_WARN_DOCUMENTATION_COMMENTS = YES;
				CLANG_WARN_EMPTY_BODY = YES;
				CLANG_WARN_ENUM_CONVERSION = YES;
				CLANG_WARN_INFINITE_RECURSION = YES;
				CLANG_WARN_INT_CONVERSION = YES;
				CLANG_WARN_NON_LITERAL_NULL_CONVERSION = YES;
				CLANG_WARN_OBJC_IMPLICIT_RETAIN_SELF = YES;
				CLANG_WARN_OBJC_LITERAL_CONVERSION = YES;
				CLANG_WARN_OBJC_ROOT_CLASS = YES_ERROR;
				CLANG_WARN_QUOTED_INCLUDE_IN_FRAMEWORK_HEADER = YES;
				CLANG_WARN_RANGE_LOOP_ANALYSIS = YES;
				CLANG_WARN_STRICT_PROTOTYPES = YES;
				CLANG_WARN_SUSPICIOUS_MOVE = YES;
				CLANG_WARN_UNGUARDED_AVAILABILITY = YES_AGGRESSIVE;
				CLANG_WARN_UNREACHABLE_CODE = YES;
				CLANG_WARN__DUPLICATE_METHOD_MATCH = YES;
				COPY_PHASE_STRIP = NO;
				DEBUG_INFORMATION_FORMAT = dwarf;
				ENABLE_STRICT_OBJC_MSGSEND = YES;
				ENABLE_TESTABILITY = YES;
				GCC_C_LANGUAGE_STANDARD = gnu11;
				GCC_DYNAMIC_NO_PIC = NO;
				GCC_NO_COMMON_BLOCKS = YES;
				GCC_OPTIMIZATION_LEVEL = 0;
				GCC_PREPROCESSOR_DEFINITIONS = (
					"DEBUG=1",
					"$(inherited)",
				);
				GCC_WARN_64_TO_32_BIT_CONVERSION = YES;
				GCC_WARN_ABOUT_RETURN_TYPE = YES_ERROR;
				GCC_WARN_UNDECLARED_SELECTOR = YES;
				GCC_WARN_UNINITIALIZED_AUTOS = YES_AGGRESSIVE;
				GCC_WARN_UNUSED_FUNCTION = YES;
				GCC_WARN_UNUSED_VARIABLE = YES;
				IPHONEOS_DEPLOYMENT_TARGET = 16.4;
				MTL_ENABLE_DEBUG_INFO = INCLUDE_SOURCE;
				MTL_FAST_MATH = YES;
				ONLY_ACTIVE_ARCH = YES;
				SDKROOT = iphoneos;
				SWIFT_ACTIVE_COMPILATION_CONDITIONS = DEBUG;
				SWIFT_OPTIMIZATION_LEVEL = "-Onone";
			};
			name = Debug;
		};
		D79C0ED02CF08892001FCB9E /* Release */ = {
			isa = XCBuildConfiguration;
			buildSettings = {
				ALWAYS_SEARCH_USER_PATHS = NO;
				CLANG_ANALYZER_NONNULL = YES;
				CLANG_ANALYZER_NUMBER_OBJECT_CONVERSION = YES_AGGRESSIVE;
				CLANG_CXX_LANGUAGE_STANDARD = "gnu++20";
				CLANG_ENABLE_MODULES = YES;
				CLANG_ENABLE_OBJC_ARC = YES;
				CLANG_ENABLE_OBJC_WEAK = YES;
				CLANG_WARN_BLOCK_CAPTURE_AUTORELEASING = YES;
				CLANG_WARN_BOOL_CONVERSION = YES;
				CLANG_WARN_COMMA = YES;
				CLANG_WARN_CONSTANT_CONVERSION = YES;
				CLANG_WARN_DEPRECATED_OBJC_IMPLEMENTATIONS = YES;
				CLANG_WARN_DIRECT_OBJC_ISA_USAGE = YES_ERROR;
				CLANG_WARN_DOCUMENTATION_COMMENTS = YES;
				CLANG_WARN_EMPTY_BODY = YES;
				CLANG_WARN_ENUM_CONVERSION = YES;
				CLANG_WARN_INFINITE_RECURSION = YES;
				CLANG_WARN_INT_CONVERSION = YES;
				CLANG_WARN_NON_LITERAL_NULL_CONVERSION = YES;
				CLANG_WARN_OBJC_IMPLICIT_RETAIN_SELF = YES;
				CLANG_WARN_OBJC_LITERAL_CONVERSION = YES;
				CLANG_WARN_OBJC_ROOT_CLASS = YES_ERROR;
				CLANG_WARN_QUOTED_INCLUDE_IN_FRAMEWORK_HEADER = YES;
				CLANG_WARN_RANGE_LOOP_ANALYSIS = YES;
				CLANG_WARN_STRICT_PROTOTYPES = YES;
				CLANG_WARN_SUSPICIOUS_MOVE = YES;
				CLANG_WARN_UNGUARDED_AVAILABILITY = YES_AGGRESSIVE;
				CLANG_WARN_UNREACHABLE_CODE = YES;
				CLANG_WARN__DUPLICATE_METHOD_MATCH = YES;
				COPY_PHASE_STRIP = NO;
				DEBUG_INFORMATION_FORMAT = "dwarf-with-dsym";
				ENABLE_NS_ASSERTIONS = NO;
				ENABLE_STRICT_OBJC_MSGSEND = YES;
				GCC_C_LANGUAGE_STANDARD = gnu11;
				GCC_NO_COMMON_BLOCKS = YES;
				GCC_WARN_64_TO_32_BIT_CONVERSION = YES;
				GCC_WARN_ABOUT_RETURN_TYPE = YES_ERROR;
				GCC_WARN_UNDECLARED_SELECTOR = YES;
				GCC_WARN_UNINITIALIZED_AUTOS = YES_AGGRESSIVE;
				GCC_WARN_UNUSED_FUNCTION = YES;
				GCC_WARN_UNUSED_VARIABLE = YES;
				IPHONEOS_DEPLOYMENT_TARGET = 16.4;
				MTL_ENABLE_DEBUG_INFO = NO;
				MTL_FAST_MATH = YES;
				SDKROOT = iphoneos;
				SWIFT_COMPILATION_MODE = wholemodule;
				SWIFT_OPTIMIZATION_LEVEL = "-O";
				VALIDATE_PRODUCT = YES;
			};
			name = Release;
		};
		D79C0ED22CF08892001FCB9E /* Debug */ = {
			isa = XCBuildConfiguration;
			buildSettings = {
				ASSETCATALOG_COMPILER_APPICON_NAME = AppIcon;
				ASSETCATALOG_COMPILER_GLOBAL_ACCENT_COLOR_NAME = AccentColor;
				CODE_SIGN_STYLE = Automatic;
				CURRENT_PROJECT_VERSION = 1;
				DEVELOPMENT_TEAM = TX2TU96GUU;
				GENERATE_INFOPLIST_FILE = YES;
				INFOPLIST_FILE = "ToDo List/Resources/Info.plist";
				INFOPLIST_KEY_UIApplicationSupportsIndirectInputEvents = YES;
				INFOPLIST_KEY_UILaunchStoryboardName = LaunchScreen;
				INFOPLIST_KEY_UISupportedInterfaceOrientations = UIInterfaceOrientationPortrait;
				INFOPLIST_KEY_UISupportedInterfaceOrientations_iPad = "UIInterfaceOrientationLandscapeLeft UIInterfaceOrientationLandscapeRight UIInterfaceOrientationPortrait UIInterfaceOrientationPortraitUpsideDown";
				IPHONEOS_DEPLOYMENT_TARGET = 15.0;
				LD_RUNPATH_SEARCH_PATHS = (
					"$(inherited)",
					"@executable_path/Frameworks",
				);
				MARKETING_VERSION = 1.0;
				PRODUCT_BUNDLE_IDENTIFIER = "lessons.ToDo-List";
				PRODUCT_NAME = "$(TARGET_NAME)";
				SUPPORTED_PLATFORMS = "iphoneos iphonesimulator";
				SUPPORTS_MACCATALYST = NO;
				SUPPORTS_MAC_DESIGNED_FOR_IPHONE_IPAD = NO;
				SWIFT_EMIT_LOC_STRINGS = YES;
				SWIFT_VERSION = 5.0;
				TARGETED_DEVICE_FAMILY = 1;
			};
			name = Debug;
		};
		D79C0ED32CF08892001FCB9E /* Release */ = {
			isa = XCBuildConfiguration;
			buildSettings = {
				ASSETCATALOG_COMPILER_APPICON_NAME = AppIcon;
				ASSETCATALOG_COMPILER_GLOBAL_ACCENT_COLOR_NAME = AccentColor;
				CODE_SIGN_STYLE = Automatic;
				CURRENT_PROJECT_VERSION = 1;
				DEVELOPMENT_TEAM = TX2TU96GUU;
				GENERATE_INFOPLIST_FILE = YES;
				INFOPLIST_FILE = "ToDo List/Resources/Info.plist";
				INFOPLIST_KEY_UIApplicationSupportsIndirectInputEvents = YES;
				INFOPLIST_KEY_UILaunchStoryboardName = LaunchScreen;
				INFOPLIST_KEY_UISupportedInterfaceOrientations = UIInterfaceOrientationPortrait;
				INFOPLIST_KEY_UISupportedInterfaceOrientations_iPad = "UIInterfaceOrientationLandscapeLeft UIInterfaceOrientationLandscapeRight UIInterfaceOrientationPortrait UIInterfaceOrientationPortraitUpsideDown";
				IPHONEOS_DEPLOYMENT_TARGET = 15.0;
				LD_RUNPATH_SEARCH_PATHS = (
					"$(inherited)",
					"@executable_path/Frameworks",
				);
				MARKETING_VERSION = 1.0;
				PRODUCT_BUNDLE_IDENTIFIER = "lessons.ToDo-List";
				PRODUCT_NAME = "$(TARGET_NAME)";
				SUPPORTED_PLATFORMS = "iphoneos iphonesimulator";
				SUPPORTS_MACCATALYST = NO;
				SUPPORTS_MAC_DESIGNED_FOR_IPHONE_IPAD = NO;
				SWIFT_EMIT_LOC_STRINGS = YES;
				SWIFT_VERSION = 5.0;
				TARGETED_DEVICE_FAMILY = 1;
			};
			name = Release;
		};
		D79C0ED52CF08892001FCB9E /* Debug */ = {
			isa = XCBuildConfiguration;
			buildSettings = {
				ALWAYS_EMBED_SWIFT_STANDARD_LIBRARIES = YES;
				BUNDLE_LOADER = "$(TEST_HOST)";
				CODE_SIGN_STYLE = Automatic;
				CURRENT_PROJECT_VERSION = 1;
				DEVELOPMENT_TEAM = TX2TU96GUU;
				GENERATE_INFOPLIST_FILE = YES;
				IPHONEOS_DEPLOYMENT_TARGET = 16.4;
				MARKETING_VERSION = 1.0;
				PRODUCT_BUNDLE_IDENTIFIER = "lessons.ToDo-ListTests";
				PRODUCT_NAME = "$(TARGET_NAME)";
				SWIFT_EMIT_LOC_STRINGS = NO;
				SWIFT_VERSION = 5.0;
				TARGETED_DEVICE_FAMILY = "1,2";
				TEST_HOST = "$(BUILT_PRODUCTS_DIR)/ToDo List.app/$(BUNDLE_EXECUTABLE_FOLDER_PATH)/ToDo List";
			};
			name = Debug;
		};
		D79C0ED62CF08892001FCB9E /* Release */ = {
			isa = XCBuildConfiguration;
			buildSettings = {
				ALWAYS_EMBED_SWIFT_STANDARD_LIBRARIES = YES;
				BUNDLE_LOADER = "$(TEST_HOST)";
				CODE_SIGN_STYLE = Automatic;
				CURRENT_PROJECT_VERSION = 1;
				DEVELOPMENT_TEAM = TX2TU96GUU;
				GENERATE_INFOPLIST_FILE = YES;
				IPHONEOS_DEPLOYMENT_TARGET = 16.4;
				MARKETING_VERSION = 1.0;
				PRODUCT_BUNDLE_IDENTIFIER = "lessons.ToDo-ListTests";
				PRODUCT_NAME = "$(TARGET_NAME)";
				SWIFT_EMIT_LOC_STRINGS = NO;
				SWIFT_VERSION = 5.0;
				TARGETED_DEVICE_FAMILY = "1,2";
				TEST_HOST = "$(BUILT_PRODUCTS_DIR)/ToDo List.app/$(BUNDLE_EXECUTABLE_FOLDER_PATH)/ToDo List";
			};
			name = Release;
		};
		D79C0ED82CF08892001FCB9E /* Debug */ = {
			isa = XCBuildConfiguration;
			buildSettings = {
				ALWAYS_EMBED_SWIFT_STANDARD_LIBRARIES = YES;
				CODE_SIGN_STYLE = Automatic;
				CURRENT_PROJECT_VERSION = 1;
				DEVELOPMENT_TEAM = TX2TU96GUU;
				GENERATE_INFOPLIST_FILE = YES;
				MARKETING_VERSION = 1.0;
				PRODUCT_BUNDLE_IDENTIFIER = "lessons.ToDo-ListUITests";
				PRODUCT_NAME = "$(TARGET_NAME)";
				SWIFT_EMIT_LOC_STRINGS = NO;
				SWIFT_VERSION = 5.0;
				TARGETED_DEVICE_FAMILY = "1,2";
				TEST_TARGET_NAME = "ToDo List";
			};
			name = Debug;
		};
		D79C0ED92CF08892001FCB9E /* Release */ = {
			isa = XCBuildConfiguration;
			buildSettings = {
				ALWAYS_EMBED_SWIFT_STANDARD_LIBRARIES = YES;
				CODE_SIGN_STYLE = Automatic;
				CURRENT_PROJECT_VERSION = 1;
				DEVELOPMENT_TEAM = TX2TU96GUU;
				GENERATE_INFOPLIST_FILE = YES;
				MARKETING_VERSION = 1.0;
				PRODUCT_BUNDLE_IDENTIFIER = "lessons.ToDo-ListUITests";
				PRODUCT_NAME = "$(TARGET_NAME)";
				SWIFT_EMIT_LOC_STRINGS = NO;
				SWIFT_VERSION = 5.0;
				TARGETED_DEVICE_FAMILY = "1,2";
				TEST_TARGET_NAME = "ToDo List";
			};
			name = Release;
		};
/* End XCBuildConfiguration section */

/* Begin XCConfigurationList section */
		D79C0E9F2CF0888C001FCB9E /* Build configuration list for PBXProject "ToDo List" */ = {
			isa = XCConfigurationList;
			buildConfigurations = (
				D79C0ECF2CF08892001FCB9E /* Debug */,
				D79C0ED02CF08892001FCB9E /* Release */,
			);
			defaultConfigurationIsVisible = 0;
			defaultConfigurationName = Release;
		};
		D79C0ED12CF08892001FCB9E /* Build configuration list for PBXNativeTarget "ToDo List" */ = {
			isa = XCConfigurationList;
			buildConfigurations = (
				D79C0ED22CF08892001FCB9E /* Debug */,
				D79C0ED32CF08892001FCB9E /* Release */,
			);
			defaultConfigurationIsVisible = 0;
			defaultConfigurationName = Release;
		};
		D79C0ED42CF08892001FCB9E /* Build configuration list for PBXNativeTarget "ToDo ListTests" */ = {
			isa = XCConfigurationList;
			buildConfigurations = (
				D79C0ED52CF08892001FCB9E /* Debug */,
				D79C0ED62CF08892001FCB9E /* Release */,
			);
			defaultConfigurationIsVisible = 0;
			defaultConfigurationName = Release;
		};
		D79C0ED72CF08892001FCB9E /* Build configuration list for PBXNativeTarget "ToDo ListUITests" */ = {
			isa = XCConfigurationList;
			buildConfigurations = (
				D79C0ED82CF08892001FCB9E /* Debug */,
				D79C0ED92CF08892001FCB9E /* Release */,
			);
			defaultConfigurationIsVisible = 0;
			defaultConfigurationName = Release;
		};
/* End XCConfigurationList section */

/* Begin XCRemoteSwiftPackageReference section */
		D79C0EF22CF0A277001FCB9E /* XCRemoteSwiftPackageReference "SnapKit" */ = {
			isa = XCRemoteSwiftPackageReference;
			repositoryURL = "https://github.com/SnapKit/SnapKit";
			requirement = {
				kind = upToNextMajorVersion;
				minimumVersion = 5.0.0;
			};
		};
		D79C0EF62CF0B3F3001FCB9E /* XCRemoteSwiftPackageReference "Alamofire" */ = {
			isa = XCRemoteSwiftPackageReference;
			repositoryURL = "https://github.com/Alamofire/Alamofire?ysclid=m3sqd8ps2u204310908";
			requirement = {
				kind = upToNextMajorVersion;
				minimumVersion = 5.0.0;
			};
		};
/* End XCRemoteSwiftPackageReference section */

/* Begin XCSwiftPackageProductDependency section */
		D79C0EF32CF0A277001FCB9E /* SnapKit */ = {
			isa = XCSwiftPackageProductDependency;
			package = D79C0EF22CF0A277001FCB9E /* XCRemoteSwiftPackageReference "SnapKit" */;
			productName = SnapKit;
		};
		D79C0EF72CF0B3F3001FCB9E /* Alamofire */ = {
			isa = XCSwiftPackageProductDependency;
			package = D79C0EF62CF0B3F3001FCB9E /* XCRemoteSwiftPackageReference "Alamofire" */;
			productName = Alamofire;
		};
/* End XCSwiftPackageProductDependency section */

/* Begin XCVersionGroup section */
		D79C0EB02CF0888C001FCB9E /* ToDo_List.xcdatamodeld */ = {
			isa = XCVersionGroup;
			children = (
				D79C0EB12CF0888C001FCB9E /* ToDo_List.xcdatamodel */,
			);
			currentVersion = D79C0EB12CF0888C001FCB9E /* ToDo_List.xcdatamodel */;
			path = ToDo_List.xcdatamodeld;
			sourceTree = "<group>";
			versionGroupType = wrapper.xcdatamodel;
		};
/* End XCVersionGroup section */
	};
	rootObject = D79C0E9C2CF0888C001FCB9E /* Project object */;
}
